
Microsoft Visual Studio Solution File, Format Version 12.00
# Visual Studio Version 16
VisualStudioVersion = 16.0.31729.503
MinimumVisualStudioVersion = 10.0.40219.1
Project("{FAE04EC0-301F-11D3-BF4B-00C04F79EFBC}") = "SOA_Escola_Professores", "SOA_Escola_Professores.csproj", "{64F47EF3-373D-4C79-8067-289D8A2AEDCC}"
EndProject
Global
	GlobalSection(SolutionConfigurationPlatforms) = preSolution
		Debug|Any CPU = Debug|Any CPU
		Release|Any CPU = Release|Any CPU
	EndGlobalSection
	GlobalSection(ProjectConfigurationPlatforms) = postSolution
		{64F47EF3-373D-4C79-8067-289D8A2AEDCC}.Debug|Any CPU.ActiveCfg = Debug|Any CPU
		{64F47EF3-373D-4C79-8067-289D8A2AEDCC}.Debug|Any CPU.Build.0 = Debug|Any CPU
		{64F47EF3-373D-4C79-8067-289D8A2AEDCC}.Release|Any CPU.ActiveCfg = Release|Any CPU
		{64F47EF3-373D-4C79-8067-289D8A2AEDCC}.Release|Any CPU.Build.0 = Release|Any CPU
	EndGlobalSection
	GlobalSection(SolutionProperties) = preSolution
		HideSolutionNode = FALSE
	EndGlobalSection
	GlobalSection(ExtensibilityGlobals) = postSolution
		SolutionGuid = {51D559FB-425E-472B-9B59-9077FD232B22}
	EndGlobalSection
EndGlobal
